
Microsoft Visual Studio Solution File, Format Version 12.00
# Visual Studio Version 16
VisualStudioVersion = 16.0.30611.23
MinimumVisualStudioVersion = 10.0.40219.1
Project("{FAE04EC0-301F-11D3-BF4B-00C04F79EFBC}") = "RestaurantManagementSystem", "RestaurantManagementSystem\RestaurantManagementSystem.csproj", "{CBCC7ED5-3299-4598-8F02-C3577F943EED}"
EndProject
Global
	GlobalSection(SolutionConfigurationPlatforms) = preSolution
		Debug|Any CPU = Debug|Any CPU
		Release|Any CPU = Release|Any CPU
	EndGlobalSection
	GlobalSection(ProjectConfigurationPlatforms) = postSolution
		{CBCC7ED5-3299-4598-8F02-C3577F943EED}.Debug|Any CPU.ActiveCfg = Debug|Any CPU
		{CBCC7ED5-3299-4598-8F02-C3577F943EED}.Debug|Any CPU.Build.0 = Debug|Any CPU
		{CBCC7ED5-3299-4598-8F02-C3577F943EED}.Release|Any CPU.ActiveCfg = Release|Any CPU
		{CBCC7ED5-3299-4598-8F02-C3577F943EED}.Release|Any CPU.Build.0 = Release|Any CPU
	EndGlobalSection
	GlobalSection(SolutionProperties) = preSolution
		HideSolutionNode = FALSE
	EndGlobalSection
	GlobalSection(ExtensibilityGlobals) = postSolution
		SolutionGuid = {D7149628-BF41-4C48-88F3-C8016326CB3D}
	EndGlobalSection
EndGlobal
